
Microsoft Visual Studio Solution File, Format Version 12.00
# Visual Studio Version 17
VisualStudioVersion = 17.0.32014.148
MinimumVisualStudioVersion = 10.0.40219.1
Project("{FAE04EC0-301F-11D3-BF4B-00C04F79EFBC}") = "Stelina.WebUI", "Stelina.WebUI\Stelina.WebUI.csproj", "{83135CE1-70C4-4DFF-8DA5-83FA3100B1A7}"
EndProject
Project("{FAE04EC0-301F-11D3-BF4B-00C04F79EFBC}") = "Stelina.Domain", "Stelina.Domain\Stelina.Domain.csproj", "{9CFA098C-ABF6-46D8-9886-C13F2C5557B3}"
EndProject
Global
	GlobalSection(SolutionConfigurationPlatforms) = preSolution
		Debug|Any CPU = Debug|Any CPU
		Release|Any CPU = Release|Any CPU
	EndGlobalSection
	GlobalSection(ProjectConfigurationPlatforms) = postSolution
		{83135CE1-70C4-4DFF-8DA5-83FA3100B1A7}.Debug|Any CPU.ActiveCfg = Debug|Any CPU
		{83135CE1-70C4-4DFF-8DA5-83FA3100B1A7}.Debug|Any CPU.Build.0 = Debug|Any CPU
		{83135CE1-70C4-4DFF-8DA5-83FA3100B1A7}.Release|Any CPU.ActiveCfg = Release|Any CPU
		{83135CE1-70C4-4DFF-8DA5-83FA3100B1A7}.Release|Any CPU.Build.0 = Release|Any CPU
		{9CFA098C-ABF6-46D8-9886-C13F2C5557B3}.Debug|Any CPU.ActiveCfg = Debug|Any CPU
		{9CFA098C-ABF6-46D8-9886-C13F2C5557B3}.Debug|Any CPU.Build.0 = Debug|Any CPU
		{9CFA098C-ABF6-46D8-9886-C13F2C5557B3}.Release|Any CPU.ActiveCfg = Release|Any CPU
		{9CFA098C-ABF6-46D8-9886-C13F2C5557B3}.Release|Any CPU.Build.0 = Release|Any CPU
	EndGlobalSection
	GlobalSection(SolutionProperties) = preSolution
		HideSolutionNode = FALSE
	EndGlobalSection
	GlobalSection(ExtensibilityGlobals) = postSolution
		SolutionGuid = {37E15058-AB4A-4BF1-BCA5-18A924A8A6D8}
	EndGlobalSection
EndGlobal
